{
  "name": "@gridworkjs/rtree",
  "version": "1.0.0",
  "lockfileVersion": 3,
  "requires": true,
  "packages": {
    "": {
      "name": "@gridworkjs/rtree",
      "version": "1.0.0",
      "license": "MIT",
      "dependencies": {
        "@gridworkjs/core": "^1.0.0"
      },
      "devDependencies": {
        "typescript": "^5.9.3"
      }
    },
    "node_modules/@gridworkjs/core": {
      "version": "1.0.0",
      "resolved": "https://registry.npmjs.org/@gridworkjs/core/-/core-1.0.0.tgz",
      "integrity": "sha512-sgPyt2M4qFC8Vp7s8z1r1lyz74xxkkBpXLrtp9rij2D46tvruSEVMdwLRazE3l3GFEmdW2dv11Bp2oyj0r1lBQ==",
      "license": "MIT"
    },
    "node_modules/typescript": {
      "version": "5.9.3",
      "resolved": "https://registry.npmjs.org/typescript/-/typescript-5.9.3.tgz",
      "integrity": "sha512-jl1vZzPDinLr9eUt3J/t7V6FgNEw9QjvBPdysz9KfQDD41fQrC2Y4vKQdiaUpFT4bXlb1RHhLpp8wtm6M5TgSw==",
      "dev": true,
      "license": "Apache-2.0",
      "bin": {
        "tsc": "bin/tsc",
        "tsserver": "bin/tsserver"
      },
      "engines": {
        "node": ">=14.17"
      }
    }
  }
}
